
Microsoft Visual Studio Solution File, Format Version 12.00
# Visual Studio Version 16
VisualStudioVersion = 16.0.30406.217
MinimumVisualStudioVersion = 10.0.40219.1
Project("{FAE04EC0-301F-11D3-BF4B-00C04F79EFBC}") = "Linq", "Linq\Linq.csproj", "{82FDD103-756F-4E15-A7D3-60DA25419D67}"
EndProject
Global
	GlobalSection(SolutionConfigurationPlatforms) = preSolution
		Debug|Any CPU = Debug|Any CPU
		Release|Any CPU = Release|Any CPU
	EndGlobalSection
	GlobalSection(ProjectConfigurationPlatforms) = postSolution
		{82FDD103-756F-4E15-A7D3-60DA25419D67}.Debug|Any CPU.ActiveCfg = Debug|Any CPU
		{82FDD103-756F-4E15-A7D3-60DA25419D67}.Debug|Any CPU.Build.0 = Debug|Any CPU
		{82FDD103-756F-4E15-A7D3-60DA25419D67}.Release|Any CPU.ActiveCfg = Release|Any CPU
		{82FDD103-756F-4E15-A7D3-60DA25419D67}.Release|Any CPU.Build.0 = Release|Any CPU
	EndGlobalSection
	GlobalSection(SolutionProperties) = preSolution
		HideSolutionNode = FALSE
	EndGlobalSection
	GlobalSection(ExtensibilityGlobals) = postSolution
		SolutionGuid = {44AEDEFB-0A67-4C2B-AE93-D57AE8C30E90}
	EndGlobalSection
EndGlobal
