
Microsoft Visual Studio Solution File, Format Version 12.00
# Visual Studio Version 16
VisualStudioVersion = 16.0.30204.135
MinimumVisualStudioVersion = 10.0.40219.1
Project("{FAE04EC0-301F-11D3-BF4B-00C04F79EFBC}") = "C_Stack", "C_Stack\C_Stack.csproj", "{B67710D3-F2DF-4835-AA53-B2CDEED1ED0C}"
EndProject
Global
	GlobalSection(SolutionConfigurationPlatforms) = preSolution
		Debug|Any CPU = Debug|Any CPU
		Release|Any CPU = Release|Any CPU
	EndGlobalSection
	GlobalSection(ProjectConfigurationPlatforms) = postSolution
		{B67710D3-F2DF-4835-AA53-B2CDEED1ED0C}.Debug|Any CPU.ActiveCfg = Debug|Any CPU
		{B67710D3-F2DF-4835-AA53-B2CDEED1ED0C}.Debug|Any CPU.Build.0 = Debug|Any CPU
		{B67710D3-F2DF-4835-AA53-B2CDEED1ED0C}.Release|Any CPU.ActiveCfg = Release|Any CPU
		{B67710D3-F2DF-4835-AA53-B2CDEED1ED0C}.Release|Any CPU.Build.0 = Release|Any CPU
	EndGlobalSection
	GlobalSection(SolutionProperties) = preSolution
		HideSolutionNode = FALSE
	EndGlobalSection
	GlobalSection(ExtensibilityGlobals) = postSolution
		SolutionGuid = {60DBE902-0758-48DA-A752-EBD52849EB38}
	EndGlobalSection
EndGlobal
