
Microsoft Visual Studio Solution File, Format Version 12.00
# Visual Studio Version 16
VisualStudioVersion = 16.0.30406.217
MinimumVisualStudioVersion = 10.0.40219.1
Project("{FAE04EC0-301F-11D3-BF4B-00C04F79EFBC}") = "CriptoAsimetrico", "CriptoAsimetrico\CriptoAsimetrico.csproj", "{2D43DF22-F96C-4E94-B65A-E954FF3D0034}"
EndProject
Global
	GlobalSection(SolutionConfigurationPlatforms) = preSolution
		Debug|Any CPU = Debug|Any CPU
		Release|Any CPU = Release|Any CPU
	EndGlobalSection
	GlobalSection(ProjectConfigurationPlatforms) = postSolution
		{2D43DF22-F96C-4E94-B65A-E954FF3D0034}.Debug|Any CPU.ActiveCfg = Debug|Any CPU
		{2D43DF22-F96C-4E94-B65A-E954FF3D0034}.Debug|Any CPU.Build.0 = Debug|Any CPU
		{2D43DF22-F96C-4E94-B65A-E954FF3D0034}.Release|Any CPU.ActiveCfg = Release|Any CPU
		{2D43DF22-F96C-4E94-B65A-E954FF3D0034}.Release|Any CPU.Build.0 = Release|Any CPU
	EndGlobalSection
	GlobalSection(SolutionProperties) = preSolution
		HideSolutionNode = FALSE
	EndGlobalSection
	GlobalSection(ExtensibilityGlobals) = postSolution
		SolutionGuid = {D56F2897-251D-490A-A0D0-5E36C798580D}
	EndGlobalSection
EndGlobal
