
Microsoft Visual Studio Solution File, Format Version 12.00
# Visual Studio Version 16
VisualStudioVersion = 16.0.30204.135
MinimumVisualStudioVersion = 10.0.40219.1
Project("{FAE04EC0-301F-11D3-BF4B-00C04F79EFBC}") = "Array_List", "Array_List\Array_List.csproj", "{70DA5F9E-2A1E-4A94-9A9F-4CC890940EBC}"
EndProject
Global
	GlobalSection(SolutionConfigurationPlatforms) = preSolution
		Debug|Any CPU = Debug|Any CPU
		Release|Any CPU = Release|Any CPU
	EndGlobalSection
	GlobalSection(ProjectConfigurationPlatforms) = postSolution
		{70DA5F9E-2A1E-4A94-9A9F-4CC890940EBC}.Debug|Any CPU.ActiveCfg = Debug|Any CPU
		{70DA5F9E-2A1E-4A94-9A9F-4CC890940EBC}.Debug|Any CPU.Build.0 = Debug|Any CPU
		{70DA5F9E-2A1E-4A94-9A9F-4CC890940EBC}.Release|Any CPU.ActiveCfg = Release|Any CPU
		{70DA5F9E-2A1E-4A94-9A9F-4CC890940EBC}.Release|Any CPU.Build.0 = Release|Any CPU
	EndGlobalSection
	GlobalSection(SolutionProperties) = preSolution
		HideSolutionNode = FALSE
	EndGlobalSection
	GlobalSection(ExtensibilityGlobals) = postSolution
		SolutionGuid = {9DACD2DB-3CE0-4FA9-94AD-B49B922240B1}
	EndGlobalSection
EndGlobal
