
Microsoft Visual Studio Solution File, Format Version 12.00
# Visual Studio Version 16
VisualStudioVersion = 16.0.30204.135
MinimumVisualStudioVersion = 10.0.40219.1
Project("{FAE04EC0-301F-11D3-BF4B-00C04F79EFBC}") = "Gen_List", "Gen_List\Gen_List.csproj", "{E4FC9116-7332-421F-8BE7-23CE757397D5}"
EndProject
Global
	GlobalSection(SolutionConfigurationPlatforms) = preSolution
		Debug|Any CPU = Debug|Any CPU
		Release|Any CPU = Release|Any CPU
	EndGlobalSection
	GlobalSection(ProjectConfigurationPlatforms) = postSolution
		{E4FC9116-7332-421F-8BE7-23CE757397D5}.Debug|Any CPU.ActiveCfg = Debug|Any CPU
		{E4FC9116-7332-421F-8BE7-23CE757397D5}.Debug|Any CPU.Build.0 = Debug|Any CPU
		{E4FC9116-7332-421F-8BE7-23CE757397D5}.Release|Any CPU.ActiveCfg = Release|Any CPU
		{E4FC9116-7332-421F-8BE7-23CE757397D5}.Release|Any CPU.Build.0 = Release|Any CPU
	EndGlobalSection
	GlobalSection(SolutionProperties) = preSolution
		HideSolutionNode = FALSE
	EndGlobalSection
	GlobalSection(ExtensibilityGlobals) = postSolution
		SolutionGuid = {75948A4E-0E01-446D-B4A7-1C9B63B48945}
	EndGlobalSection
EndGlobal
