
Microsoft Visual Studio Solution File, Format Version 12.00
# Visual Studio Version 16
VisualStudioVersion = 16.0.31402.337
MinimumVisualStudioVersion = 10.0.40219.1
Project("{FAE04EC0-301F-11D3-BF4B-00C04F79EFBC}") = "WindowsFormsApp1", "WindowsFormsApp1\WindowsFormsApp1.csproj", "{6262D9FB-8A73-4820-A299-C2F58D948934}"
EndProject
Global
	GlobalSection(SolutionConfigurationPlatforms) = preSolution
		Debug|Any CPU = Debug|Any CPU
		Release|Any CPU = Release|Any CPU
	EndGlobalSection
	GlobalSection(ProjectConfigurationPlatforms) = postSolution
		{6262D9FB-8A73-4820-A299-C2F58D948934}.Debug|Any CPU.ActiveCfg = Debug|Any CPU
		{6262D9FB-8A73-4820-A299-C2F58D948934}.Debug|Any CPU.Build.0 = Debug|Any CPU
		{6262D9FB-8A73-4820-A299-C2F58D948934}.Release|Any CPU.ActiveCfg = Release|Any CPU
		{6262D9FB-8A73-4820-A299-C2F58D948934}.Release|Any CPU.Build.0 = Release|Any CPU
	EndGlobalSection
	GlobalSection(SolutionProperties) = preSolution
		HideSolutionNode = FALSE
	EndGlobalSection
	GlobalSection(ExtensibilityGlobals) = postSolution
		SolutionGuid = {C6D47177-27DA-47AC-9CB8-C42E9149B36D}
	EndGlobalSection
EndGlobal
