
Microsoft Visual Studio Solution File, Format Version 12.00
# Visual Studio Version 16
VisualStudioVersion = 16.0.31019.35
MinimumVisualStudioVersion = 10.0.40219.1
Project("{FAE04EC0-301F-11D3-BF4B-00C04F79EFBC}") = "ServiciosMedicamento", "ServiciosMedicamento\ServiciosMedicamento.csproj", "{32848D47-139B-4ED7-850E-777DC6BAE03C}"
EndProject
Global
	GlobalSection(SolutionConfigurationPlatforms) = preSolution
		Debug|Any CPU = Debug|Any CPU
		Release|Any CPU = Release|Any CPU
	EndGlobalSection
	GlobalSection(ProjectConfigurationPlatforms) = postSolution
		{32848D47-139B-4ED7-850E-777DC6BAE03C}.Debug|Any CPU.ActiveCfg = Debug|Any CPU
		{32848D47-139B-4ED7-850E-777DC6BAE03C}.Debug|Any CPU.Build.0 = Debug|Any CPU
		{32848D47-139B-4ED7-850E-777DC6BAE03C}.Release|Any CPU.ActiveCfg = Release|Any CPU
		{32848D47-139B-4ED7-850E-777DC6BAE03C}.Release|Any CPU.Build.0 = Release|Any CPU
	EndGlobalSection
	GlobalSection(SolutionProperties) = preSolution
		HideSolutionNode = FALSE
	EndGlobalSection
	GlobalSection(ExtensibilityGlobals) = postSolution
		SolutionGuid = {AF5BE43A-D0EE-4817-9C42-4DDAB587FB45}
	EndGlobalSection
EndGlobal
