
Microsoft Visual Studio Solution File, Format Version 12.00
# Visual Studio Version 16
VisualStudioVersion = 16.0.30406.217
MinimumVisualStudioVersion = 10.0.40219.1
Project("{FAE04EC0-301F-11D3-BF4B-00C04F79EFBC}") = "Lambda", "Lambda\Lambda.csproj", "{698A2EDE-1BD4-4D30-BB7C-5279A36480FF}"
EndProject
Global
	GlobalSection(SolutionConfigurationPlatforms) = preSolution
		Debug|Any CPU = Debug|Any CPU
		Release|Any CPU = Release|Any CPU
	EndGlobalSection
	GlobalSection(ProjectConfigurationPlatforms) = postSolution
		{698A2EDE-1BD4-4D30-BB7C-5279A36480FF}.Debug|Any CPU.ActiveCfg = Debug|Any CPU
		{698A2EDE-1BD4-4D30-BB7C-5279A36480FF}.Debug|Any CPU.Build.0 = Debug|Any CPU
		{698A2EDE-1BD4-4D30-BB7C-5279A36480FF}.Release|Any CPU.ActiveCfg = Release|Any CPU
		{698A2EDE-1BD4-4D30-BB7C-5279A36480FF}.Release|Any CPU.Build.0 = Release|Any CPU
	EndGlobalSection
	GlobalSection(SolutionProperties) = preSolution
		HideSolutionNode = FALSE
	EndGlobalSection
	GlobalSection(ExtensibilityGlobals) = postSolution
		SolutionGuid = {8CB3DC57-B4A9-44E0-BACE-D2379811CD6C}
	EndGlobalSection
EndGlobal
