
Microsoft Visual Studio Solution File, Format Version 12.00
# Visual Studio Version 16
VisualStudioVersion = 16.0.30204.135
MinimumVisualStudioVersion = 10.0.40219.1
Project("{FAE04EC0-301F-11D3-BF4B-00C04F79EFBC}") = "Consola", "Consola\Consola.csproj", "{FDB12CCD-A9A2-46B9-80B8-762323D7AF58}"
EndProject
Project("{FAE04EC0-301F-11D3-BF4B-00C04F79EFBC}") = "Libreria", "Libreria\Libreria.csproj", "{3EA30BE4-79E4-4A43-BC03-67C8230427D9}"
EndProject
Global
	GlobalSection(SolutionConfigurationPlatforms) = preSolution
		Debug|Any CPU = Debug|Any CPU
		Release|Any CPU = Release|Any CPU
	EndGlobalSection
	GlobalSection(ProjectConfigurationPlatforms) = postSolution
		{FDB12CCD-A9A2-46B9-80B8-762323D7AF58}.Debug|Any CPU.ActiveCfg = Debug|Any CPU
		{FDB12CCD-A9A2-46B9-80B8-762323D7AF58}.Debug|Any CPU.Build.0 = Debug|Any CPU
		{FDB12CCD-A9A2-46B9-80B8-762323D7AF58}.Release|Any CPU.ActiveCfg = Release|Any CPU
		{FDB12CCD-A9A2-46B9-80B8-762323D7AF58}.Release|Any CPU.Build.0 = Release|Any CPU
		{3EA30BE4-79E4-4A43-BC03-67C8230427D9}.Debug|Any CPU.ActiveCfg = Debug|Any CPU
		{3EA30BE4-79E4-4A43-BC03-67C8230427D9}.Debug|Any CPU.Build.0 = Debug|Any CPU
		{3EA30BE4-79E4-4A43-BC03-67C8230427D9}.Release|Any CPU.ActiveCfg = Release|Any CPU
		{3EA30BE4-79E4-4A43-BC03-67C8230427D9}.Release|Any CPU.Build.0 = Release|Any CPU
	EndGlobalSection
	GlobalSection(SolutionProperties) = preSolution
		HideSolutionNode = FALSE
	EndGlobalSection
	GlobalSection(ExtensibilityGlobals) = postSolution
		SolutionGuid = {981522F9-102E-49D5-8804-25909273A451}
	EndGlobalSection
EndGlobal
