
Microsoft Visual Studio Solution File, Format Version 12.00
# Visual Studio Version 16
VisualStudioVersion = 16.0.30406.217
MinimumVisualStudioVersion = 10.0.40219.1
Project("{FAE04EC0-301F-11D3-BF4B-00C04F79EFBC}") = "Hilos", "Hilos\Hilos.csproj", "{F502D17E-E165-4E1E-83FF-4A2A962E361B}"
EndProject
Project("{FAE04EC0-301F-11D3-BF4B-00C04F79EFBC}") = "Aplicacion", "Aplicacion\Aplicacion.csproj", "{2E67C9AC-B8B4-49FD-875F-414C8431AA00}"
EndProject
Global
	GlobalSection(SolutionConfigurationPlatforms) = preSolution
		Debug|Any CPU = Debug|Any CPU
		Release|Any CPU = Release|Any CPU
	EndGlobalSection
	GlobalSection(ProjectConfigurationPlatforms) = postSolution
		{F502D17E-E165-4E1E-83FF-4A2A962E361B}.Debug|Any CPU.ActiveCfg = Debug|Any CPU
		{F502D17E-E165-4E1E-83FF-4A2A962E361B}.Debug|Any CPU.Build.0 = Debug|Any CPU
		{F502D17E-E165-4E1E-83FF-4A2A962E361B}.Release|Any CPU.ActiveCfg = Release|Any CPU
		{F502D17E-E165-4E1E-83FF-4A2A962E361B}.Release|Any CPU.Build.0 = Release|Any CPU
		{2E67C9AC-B8B4-49FD-875F-414C8431AA00}.Debug|Any CPU.ActiveCfg = Debug|Any CPU
		{2E67C9AC-B8B4-49FD-875F-414C8431AA00}.Debug|Any CPU.Build.0 = Debug|Any CPU
		{2E67C9AC-B8B4-49FD-875F-414C8431AA00}.Release|Any CPU.ActiveCfg = Release|Any CPU
		{2E67C9AC-B8B4-49FD-875F-414C8431AA00}.Release|Any CPU.Build.0 = Release|Any CPU
	EndGlobalSection
	GlobalSection(SolutionProperties) = preSolution
		HideSolutionNode = FALSE
	EndGlobalSection
	GlobalSection(ExtensibilityGlobals) = postSolution
		SolutionGuid = {EF0D9086-0BAB-4BD1-96B0-92011AF5263F}
	EndGlobalSection
EndGlobal
