
Microsoft Visual Studio Solution File, Format Version 12.00
# Visual Studio Version 16
VisualStudioVersion = 16.0.31005.135
MinimumVisualStudioVersion = 10.0.40219.1
Project("{FAE04EC0-301F-11D3-BF4B-00C04F79EFBC}") = "CNTI365.FACTUR", "CNTI365.FACTUR\CNTI365.FACTUR.csproj", "{FEECFBC7-2CC0-4C2B-990B-D0518641568A}"
EndProject
Project("{FAE04EC0-301F-11D3-BF4B-00C04F79EFBC}") = "CNTI.FACTUR.ENTITY", "CNTI.FACTUR.ENTITY\CNTI.FACTUR.ENTITY.csproj", "{36558AB0-7A94-45EA-BDC6-CBE730262B73}"
EndProject
Project("{FAE04EC0-301F-11D3-BF4B-00C04F79EFBC}") = "CNTI365.FACTUR.BUSINESS", "CNTI365.FACTUR.BUSINESS\CNTI365.FACTUR.BUSINESS.csproj", "{ACE98329-38EF-4FC2-BBE2-F52FE5A81451}"
EndProject
Project("{FAE04EC0-301F-11D3-BF4B-00C04F79EFBC}") = "CNTI365.FACTUR.CLIENTS", "CNTI365.FACTUR.CLIENTS\CNTI365.FACTUR.CLIENTS.csproj", "{741919F6-1B5D-41D6-B85E-3065C365AF9F}"
EndProject
Global
	GlobalSection(SolutionConfigurationPlatforms) = preSolution
		Debug|Any CPU = Debug|Any CPU
		Release|Any CPU = Release|Any CPU
	EndGlobalSection
	GlobalSection(ProjectConfigurationPlatforms) = postSolution
		{FEECFBC7-2CC0-4C2B-990B-D0518641568A}.Debug|Any CPU.ActiveCfg = Debug|Any CPU
		{FEECFBC7-2CC0-4C2B-990B-D0518641568A}.Debug|Any CPU.Build.0 = Debug|Any CPU
		{FEECFBC7-2CC0-4C2B-990B-D0518641568A}.Release|Any CPU.ActiveCfg = Release|Any CPU
		{FEECFBC7-2CC0-4C2B-990B-D0518641568A}.Release|Any CPU.Build.0 = Release|Any CPU
		{36558AB0-7A94-45EA-BDC6-CBE730262B73}.Debug|Any CPU.ActiveCfg = Debug|Any CPU
		{36558AB0-7A94-45EA-BDC6-CBE730262B73}.Debug|Any CPU.Build.0 = Debug|Any CPU
		{36558AB0-7A94-45EA-BDC6-CBE730262B73}.Release|Any CPU.ActiveCfg = Release|Any CPU
		{36558AB0-7A94-45EA-BDC6-CBE730262B73}.Release|Any CPU.Build.0 = Release|Any CPU
		{ACE98329-38EF-4FC2-BBE2-F52FE5A81451}.Debug|Any CPU.ActiveCfg = Debug|Any CPU
		{ACE98329-38EF-4FC2-BBE2-F52FE5A81451}.Debug|Any CPU.Build.0 = Debug|Any CPU
		{ACE98329-38EF-4FC2-BBE2-F52FE5A81451}.Release|Any CPU.ActiveCfg = Release|Any CPU
		{ACE98329-38EF-4FC2-BBE2-F52FE5A81451}.Release|Any CPU.Build.0 = Release|Any CPU
		{741919F6-1B5D-41D6-B85E-3065C365AF9F}.Debug|Any CPU.ActiveCfg = Debug|Any CPU
		{741919F6-1B5D-41D6-B85E-3065C365AF9F}.Debug|Any CPU.Build.0 = Debug|Any CPU
		{741919F6-1B5D-41D6-B85E-3065C365AF9F}.Release|Any CPU.ActiveCfg = Release|Any CPU
		{741919F6-1B5D-41D6-B85E-3065C365AF9F}.Release|Any CPU.Build.0 = Release|Any CPU
	EndGlobalSection
	GlobalSection(SolutionProperties) = preSolution
		HideSolutionNode = FALSE
	EndGlobalSection
	GlobalSection(ExtensibilityGlobals) = postSolution
		SolutionGuid = {71947BFF-3664-41E4-98D0-C4C642B74A83}
	EndGlobalSection
EndGlobal
