
Microsoft Visual Studio Solution File, Format Version 12.00
# Visual Studio Version 16
VisualStudioVersion = 16.0.31019.35
MinimumVisualStudioVersion = 10.0.40219.1
Project("{FAE04EC0-301F-11D3-BF4B-00C04F79EFBC}") = "MiPrimerConsumoWCF", "MiPrimerConsumoWCF\MiPrimerConsumoWCF.csproj", "{8644FB28-80D3-44AE-A57B-DAE1101462CC}"
EndProject
Global
	GlobalSection(SolutionConfigurationPlatforms) = preSolution
		Debug|Any CPU = Debug|Any CPU
		Release|Any CPU = Release|Any CPU
	EndGlobalSection
	GlobalSection(ProjectConfigurationPlatforms) = postSolution
		{8644FB28-80D3-44AE-A57B-DAE1101462CC}.Debug|Any CPU.ActiveCfg = Debug|Any CPU
		{8644FB28-80D3-44AE-A57B-DAE1101462CC}.Debug|Any CPU.Build.0 = Debug|Any CPU
		{8644FB28-80D3-44AE-A57B-DAE1101462CC}.Release|Any CPU.ActiveCfg = Release|Any CPU
		{8644FB28-80D3-44AE-A57B-DAE1101462CC}.Release|Any CPU.Build.0 = Release|Any CPU
	EndGlobalSection
	GlobalSection(SolutionProperties) = preSolution
		HideSolutionNode = FALSE
	EndGlobalSection
	GlobalSection(ExtensibilityGlobals) = postSolution
		SolutionGuid = {F22684F7-8113-4B41-917E-CD78A8776B05}
	EndGlobalSection
EndGlobal
