
Microsoft Visual Studio Solution File, Format Version 12.00
# Visual Studio Version 16
VisualStudioVersion = 16.0.30406.217
MinimumVisualStudioVersion = 10.0.40219.1
Project("{FAE04EC0-301F-11D3-BF4B-00C04F79EFBC}") = "OperadoresConsulta", "OperadoresConsulta\OperadoresConsulta.csproj", "{B4B5A735-1AFB-48AB-AA03-49A15CB3FDCB}"
EndProject
Global
	GlobalSection(SolutionConfigurationPlatforms) = preSolution
		Debug|Any CPU = Debug|Any CPU
		Release|Any CPU = Release|Any CPU
	EndGlobalSection
	GlobalSection(ProjectConfigurationPlatforms) = postSolution
		{B4B5A735-1AFB-48AB-AA03-49A15CB3FDCB}.Debug|Any CPU.ActiveCfg = Debug|Any CPU
		{B4B5A735-1AFB-48AB-AA03-49A15CB3FDCB}.Debug|Any CPU.Build.0 = Debug|Any CPU
		{B4B5A735-1AFB-48AB-AA03-49A15CB3FDCB}.Release|Any CPU.ActiveCfg = Release|Any CPU
		{B4B5A735-1AFB-48AB-AA03-49A15CB3FDCB}.Release|Any CPU.Build.0 = Release|Any CPU
	EndGlobalSection
	GlobalSection(SolutionProperties) = preSolution
		HideSolutionNode = FALSE
	EndGlobalSection
	GlobalSection(ExtensibilityGlobals) = postSolution
		SolutionGuid = {AFEE092A-94BF-4DC6-A1FB-0A781A43A3A0}
	EndGlobalSection
EndGlobal
