
Microsoft Visual Studio Solution File, Format Version 12.00
# Visual Studio Version 16
VisualStudioVersion = 16.0.31402.337
MinimumVisualStudioVersion = 10.0.40219.1
Project("{FAE04EC0-301F-11D3-BF4B-00C04F79EFBC}") = "Abstract", "Abstract\Abstract.csproj", "{80A2991A-A9F5-441C-80BF-A5BA63F9A460}"
EndProject
Global
	GlobalSection(SolutionConfigurationPlatforms) = preSolution
		Debug|Any CPU = Debug|Any CPU
		Release|Any CPU = Release|Any CPU
	EndGlobalSection
	GlobalSection(ProjectConfigurationPlatforms) = postSolution
		{80A2991A-A9F5-441C-80BF-A5BA63F9A460}.Debug|Any CPU.ActiveCfg = Debug|Any CPU
		{80A2991A-A9F5-441C-80BF-A5BA63F9A460}.Debug|Any CPU.Build.0 = Debug|Any CPU
		{80A2991A-A9F5-441C-80BF-A5BA63F9A460}.Release|Any CPU.ActiveCfg = Release|Any CPU
		{80A2991A-A9F5-441C-80BF-A5BA63F9A460}.Release|Any CPU.Build.0 = Release|Any CPU
	EndGlobalSection
	GlobalSection(SolutionProperties) = preSolution
		HideSolutionNode = FALSE
	EndGlobalSection
	GlobalSection(ExtensibilityGlobals) = postSolution
		SolutionGuid = {77674C05-A200-4854-B21D-91DCB3474D51}
	EndGlobalSection
EndGlobal
