
Microsoft Visual Studio Solution File, Format Version 12.00
# Visual Studio Version 16
VisualStudioVersion = 16.0.30406.217
MinimumVisualStudioVersion = 10.0.40219.1
Project("{FAE04EC0-301F-11D3-BF4B-00C04F79EFBC}") = "PUNTO_DE_VENTA_CODIGO369_CSHARP", "PUNTO_DE_VENTA_CODIGO369_CSHARP\PUNTO_DE_VENTA_CODIGO369_CSHARP.csproj", "{028D94B4-2641-4463-BD99-E716061DFD70}"
EndProject
Global
	GlobalSection(SolutionConfigurationPlatforms) = preSolution
		Debug|Any CPU = Debug|Any CPU
		Release|Any CPU = Release|Any CPU
	EndGlobalSection
	GlobalSection(ProjectConfigurationPlatforms) = postSolution
		{028D94B4-2641-4463-BD99-E716061DFD70}.Debug|Any CPU.ActiveCfg = Debug|Any CPU
		{028D94B4-2641-4463-BD99-E716061DFD70}.Debug|Any CPU.Build.0 = Debug|Any CPU
		{028D94B4-2641-4463-BD99-E716061DFD70}.Release|Any CPU.ActiveCfg = Release|Any CPU
		{028D94B4-2641-4463-BD99-E716061DFD70}.Release|Any CPU.Build.0 = Release|Any CPU
	EndGlobalSection
	GlobalSection(SolutionProperties) = preSolution
		HideSolutionNode = FALSE
	EndGlobalSection
	GlobalSection(ExtensibilityGlobals) = postSolution
		SolutionGuid = {FF901ED6-A399-49DB-A985-AABD1F86EB09}
	EndGlobalSection
EndGlobal
